
Microsoft Visual Studio Solution File, Format Version 12.00
# Visual Studio Version 17
VisualStudioVersion = 17.2.32516.85
MinimumVisualStudioVersion = 10.0.40219.1
Project("{9A19103F-16F7-4668-BE54-9A1E7A4F7556}") = "IfoodApi", "IfoodApi\IfoodApi.csproj", "{DF8B6E3F-C804-4D9D-A47C-9304C4AB9A4D}"
EndProject
Project("{9A19103F-16F7-4668-BE54-9A1E7A4F7556}") = "UsuariosApi", "UsuariosApi\UsuariosApi.csproj", "{6EA89F22-1B38-4398-9E17-A592CBB081E6}"
EndProject
Project("{2150E333-8FDC-42A3-9474-1A3956D46DE8}") = "Solution Items", "Solution Items", "{8434ED35-7C6C-4C0D-9411-46CDFF3F81A1}"
	ProjectSection(SolutionItems) = preProject
		.editorconfig = .editorconfig
	EndProjectSection
EndProject
Global
	GlobalSection(SolutionConfigurationPlatforms) = preSolution
		Debug|Any CPU = Debug|Any CPU
		Release|Any CPU = Release|Any CPU
	EndGlobalSection
	GlobalSection(ProjectConfigurationPlatforms) = postSolution
		{DF8B6E3F-C804-4D9D-A47C-9304C4AB9A4D}.Debug|Any CPU.ActiveCfg = Debug|Any CPU
		{DF8B6E3F-C804-4D9D-A47C-9304C4AB9A4D}.Debug|Any CPU.Build.0 = Debug|Any CPU
		{DF8B6E3F-C804-4D9D-A47C-9304C4AB9A4D}.Release|Any CPU.ActiveCfg = Release|Any CPU
		{DF8B6E3F-C804-4D9D-A47C-9304C4AB9A4D}.Release|Any CPU.Build.0 = Release|Any CPU
		{6EA89F22-1B38-4398-9E17-A592CBB081E6}.Debug|Any CPU.ActiveCfg = Debug|Any CPU
		{6EA89F22-1B38-4398-9E17-A592CBB081E6}.Debug|Any CPU.Build.0 = Debug|Any CPU
		{6EA89F22-1B38-4398-9E17-A592CBB081E6}.Release|Any CPU.ActiveCfg = Release|Any CPU
		{6EA89F22-1B38-4398-9E17-A592CBB081E6}.Release|Any CPU.Build.0 = Release|Any CPU
	EndGlobalSection
	GlobalSection(SolutionProperties) = preSolution
		HideSolutionNode = FALSE
	EndGlobalSection
	GlobalSection(ExtensibilityGlobals) = postSolution
		SolutionGuid = {2AC8945D-71F7-40B5-9BA0-016ECA973F3E}
	EndGlobalSection
EndGlobal
